
Microsoft Visual Studio Solution File, Format Version 12.00
# Visual Studio Version 17
VisualStudioVersion = 17.9.34622.214
MinimumVisualStudioVersion = 10.0.40219.1
Project("{FAE04EC0-301F-11D3-BF4B-00C04F79EFBC}") = "PhysicsApiTestConsoleApp", "PhysicsApiTestConsoleApp\PhysicsApiTestConsoleApp.csproj", "{DDBC1DB4-C5FF-49C6-944C-7073BE7A0437}"
EndProject
Project("{FAE04EC0-301F-11D3-BF4B-00C04F79EFBC}") = "JumpingPlatformGameWinFormsApp", "JumpingPlatformGameWinFormsApp\JumpingPlatformGameWinFormsApp.csproj", "{311F7D7E-5545-4BAA-AA62-96BE5CC2578F}"
EndProject
Project("{FAE04EC0-301F-11D3-BF4B-00C04F79EFBC}") = "PhysicsUnitsLib", "PhysicsUnitsLib\PhysicsUnitsLib.csproj", "{807BAD2B-0832-4EFB-A552-F778CE33346F}"
EndProject
Global
	GlobalSection(SolutionConfigurationPlatforms) = preSolution
		Debug|Any CPU = Debug|Any CPU
		Release|Any CPU = Release|Any CPU
	EndGlobalSection
	GlobalSection(ProjectConfigurationPlatforms) = postSolution
		{DDBC1DB4-C5FF-49C6-944C-7073BE7A0437}.Debug|Any CPU.ActiveCfg = Debug|Any CPU
		{DDBC1DB4-C5FF-49C6-944C-7073BE7A0437}.Debug|Any CPU.Build.0 = Debug|Any CPU
		{DDBC1DB4-C5FF-49C6-944C-7073BE7A0437}.Release|Any CPU.ActiveCfg = Release|Any CPU
		{DDBC1DB4-C5FF-49C6-944C-7073BE7A0437}.Release|Any CPU.Build.0 = Release|Any CPU
		{311F7D7E-5545-4BAA-AA62-96BE5CC2578F}.Debug|Any CPU.ActiveCfg = Debug|Any CPU
		{311F7D7E-5545-4BAA-AA62-96BE5CC2578F}.Debug|Any CPU.Build.0 = Debug|Any CPU
		{311F7D7E-5545-4BAA-AA62-96BE5CC2578F}.Release|Any CPU.ActiveCfg = Release|Any CPU
		{311F7D7E-5545-4BAA-AA62-96BE5CC2578F}.Release|Any CPU.Build.0 = Release|Any CPU
		{807BAD2B-0832-4EFB-A552-F778CE33346F}.Debug|Any CPU.ActiveCfg = Debug|Any CPU
		{807BAD2B-0832-4EFB-A552-F778CE33346F}.Debug|Any CPU.Build.0 = Debug|Any CPU
		{807BAD2B-0832-4EFB-A552-F778CE33346F}.Release|Any CPU.ActiveCfg = Release|Any CPU
		{807BAD2B-0832-4EFB-A552-F778CE33346F}.Release|Any CPU.Build.0 = Release|Any CPU
	EndGlobalSection
	GlobalSection(SolutionProperties) = preSolution
		HideSolutionNode = FALSE
	EndGlobalSection
	GlobalSection(ExtensibilityGlobals) = postSolution
		SolutionGuid = {8A0C8E6F-7EEB-4FEA-97F5-2D39ECED819C}
	EndGlobalSection
EndGlobal
